// !$*UTF8*$!
{
	archiveVersion = 1;
	classes = {
	};
	objectVersion = 56;
	objects = {

/* Begin PBXBuildFile section */
		7429A5FC2AEBDE3E009AA795 /* VideoView.swift in Sources */ = {isa = PBXBuildFile; fileRef = 7429A5FB2AEBDE3E009AA795 /* VideoView.swift */; };
		74A320FD2AEBC8A2002E38E3 /* MyDayApp.swift in Sources */ = {isa = PBXBuildFile; fileRef = 74A320FC2AEBC8A2002E38E3 /* MyDayApp.swift */; };
		74A321012AEBC8A2002E38E3 /* Assets.xcassets in Resources */ = {isa = PBXBuildFile; fileRef = 74A321002AEBC8A2002E38E3 /* Assets.xcassets */; };
		74A321042AEBC8A2002E38E3 /* Preview Assets.xcassets in Resources */ = {isa = PBXBuildFile; fileRef = 74A321032AEBC8A2002E38E3 /* Preview Assets.xcassets */; };
		74A321152AEBC8C2002E38E3 /* HomePageView.swift in Sources */ = {isa = PBXBuildFile; fileRef = 74A3210A2AEBC8C1002E38E3 /* HomePageView.swift */; };
		74A321162AEBC8C2002E38E3 /* Tasks.swift in Sources */ = {isa = PBXBuildFile; fileRef = 74A3210B2AEBC8C1002E38E3 /* Tasks.swift */; };
		74A321172AEBC8C2002E38E3 /* ToDoList.swift in Sources */ = {isa = PBXBuildFile; fileRef = 74A3210C2AEBC8C2002E38E3 /* ToDoList.swift */; };
		74A321192AEBC8C2002E38E3 /* ToDoDetailView.swift in Sources */ = {isa = PBXBuildFile; fileRef = 74A3210E2AEBC8C2002E38E3 /* ToDoDetailView.swift */; };
		74A3211A2AEBC8C2002E38E3 /* CourseDetail.swift in Sources */ = {isa = PBXBuildFile; fileRef = 74A3210F2AEBC8C2002E38E3 /* CourseDetail.swift */; };
		74A3211B2AEBC8C2002E38E3 /* MultipleTabView.swift in Sources */ = {isa = PBXBuildFile; fileRef = 74A321102AEBC8C2002E38E3 /* MultipleTabView.swift */; };
		74A3211C2AEBC8C2002E38E3 /* ToDoRow.swift in Sources */ = {isa = PBXBuildFile; fileRef = 74A321112AEBC8C2002E38E3 /* ToDoRow.swift */; };
		74A3211D2AEBC8C2002E38E3 /* ProfileView.swift in Sources */ = {isa = PBXBuildFile; fileRef = 74A321122AEBC8C2002E38E3 /* ProfileView.swift */; };
		74A3211E2AEBC8C2002E38E3 /* ProfileData.swift in Sources */ = {isa = PBXBuildFile; fileRef = 74A321132AEBC8C2002E38E3 /* ProfileData.swift */; };
		74A3211F2AEBC8C2002E38E3 /* CoverPage.swift in Sources */ = {isa = PBXBuildFile; fileRef = 74A321142AEBC8C2002E38E3 /* CoverPage.swift */; };
		74A321212AEBC8E4002E38E3 /* backgroundMusic.mp3 in Resources */ = {isa = PBXBuildFile; fileRef = 74A321202AEBC8E4002E38E3 /* backgroundMusic.mp3 */; };
		74A321232AEBC8EB002E38E3 /* Font in Resources */ = {isa = PBXBuildFile; fileRef = 74A321222AEBC8EB002E38E3 /* Font */; };
		74A4D8122AECCD2100EA45B8 /* video70YearsNTOU.mp4 in Resources */ = {isa = PBXBuildFile; fileRef = 74A4D8112AECCD2100EA45B8 /* video70YearsNTOU.mp4 */; };
/* End PBXBuildFile section */

/* Begin PBXFileReference section */
		7429A5FB2AEBDE3E009AA795 /* VideoView.swift */ = {isa = PBXFileReference; lastKnownFileType = sourcecode.swift; path = VideoView.swift; sourceTree = "<group>"; };
		74A320F92AEBC8A2002E38E3 /* MyDay.app */ = {isa = PBXFileReference; explicitFileType = wrapper.application; includeInIndex = 0; path = MyDay.app; sourceTree = BUILT_PRODUCTS_DIR; };
		74A320FC2AEBC8A2002E38E3 /* MyDayApp.swift */ = {isa = PBXFileReference; lastKnownFileType = sourcecode.swift; path = MyDayApp.swift; sourceTree = "<group>"; };
		74A321002AEBC8A2002E38E3 /* Assets.xcassets */ = {isa = PBXFileReference; lastKnownFileType = folder.assetcatalog; path = Assets.xcassets; sourceTree = "<group>"; };
		74A321032AEBC8A2002E38E3 /* Preview Assets.xcassets */ = {isa = PBXFileReference; lastKnownFileType = folder.assetcatalog; path = "Preview Assets.xcassets"; sourceTree = "<group>"; };
		74A3210A2AEBC8C1002E38E3 /* HomePageView.swift */ = {isa = PBXFileReference; fileEncoding = 4; lastKnownFileType = sourcecode.swift; path = HomePageView.swift; sourceTree = "<group>"; };
		74A3210B2AEBC8C1002E38E3 /* Tasks.swift */ = {isa = PBXFileReference; fileEncoding = 4; lastKnownFileType = sourcecode.swift; path = Tasks.swift; sourceTree = "<group>"; };
		74A3210C2AEBC8C2002E38E3 /* ToDoList.swift */ = {isa = PBXFileReference; fileEncoding = 4; lastKnownFileType = sourcecode.swift; path = ToDoList.swift; sourceTree = "<group>"; };
		74A3210E2AEBC8C2002E38E3 /* ToDoDetailView.swift */ = {isa = PBXFileReference; fileEncoding = 4; lastKnownFileType = sourcecode.swift; path = ToDoDetailView.swift; sourceTree = "<group>"; };
		74A3210F2AEBC8C2002E38E3 /* CourseDetail.swift */ = {isa = PBXFileReference; fileEncoding = 4; lastKnownFileType = sourcecode.swift; path = CourseDetail.swift; sourceTree = "<group>"; };
		74A321102AEBC8C2002E38E3 /* MultipleTabView.swift */ = {isa = PBXFileReference; fileEncoding = 4; lastKnownFileType = sourcecode.swift; path = MultipleTabView.swift; sourceTree = "<group>"; };
		74A321112AEBC8C2002E38E3 /* ToDoRow.swift */ = {isa = PBXFileReference; fileEncoding = 4; lastKnownFileType = sourcecode.swift; path = ToDoRow.swift; sourceTree = "<group>"; };
		74A321122AEBC8C2002E38E3 /* ProfileView.swift */ = {isa = PBXFileReference; fileEncoding = 4; lastKnownFileType = sourcecode.swift; path = ProfileView.swift; sourceTree = "<group>"; };
		74A321132AEBC8C2002E38E3 /* ProfileData.swift */ = {isa = PBXFileReference; fileEncoding = 4; lastKnownFileType = sourcecode.swift; path = ProfileData.swift; sourceTree = "<group>"; };
		74A321142AEBC8C2002E38E3 /* CoverPage.swift */ = {isa = PBXFileReference; fileEncoding = 4; lastKnownFileType = sourcecode.swift; path = CoverPage.swift; sourceTree = "<group>"; };
		74A321202AEBC8E4002E38E3 /* backgroundMusic.mp3 */ = {isa = PBXFileReference; lastKnownFileType = audio.mp3; path = backgroundMusic.mp3; sourceTree = "<group>"; };
		74A321222AEBC8EB002E38E3 /* Font */ = {isa = PBXFileReference; lastKnownFileType = folder; path = Font; sourceTree = "<group>"; };
		74A321242AEBC900002E38E3 /* Info.plist */ = {isa = PBXFileReference; lastKnownFileType = text.plist; path = Info.plist; sourceTree = "<group>"; };
		74A4D8112AECCD2100EA45B8 /* video70YearsNTOU.mp4 */ = {isa = PBXFileReference; lastKnownFileType = file; path = video70YearsNTOU.mp4; sourceTree = "<group>"; };
/* End PBXFileReference section */

/* Begin PBXFrameworksBuildPhase section */
		74A320F62AEBC8A2002E38E3 /* Frameworks */ = {
			isa = PBXFrameworksBuildPhase;
			buildActionMask = 2147483647;
			files = (
			);
			runOnlyForDeploymentPostprocessing = 0;
		};
/* End PBXFrameworksBuildPhase section */

/* Begin PBXGroup section */
		74A320F02AEBC8A2002E38E3 = {
			isa = PBXGroup;
			children = (
				74A320FB2AEBC8A2002E38E3 /* MyDay */,
				74A320FA2AEBC8A2002E38E3 /* Products */,
			);
			sourceTree = "<group>";
		};
		74A320FA2AEBC8A2002E38E3 /* Products */ = {
			isa = PBXGroup;
			children = (
				74A320F92AEBC8A2002E38E3 /* MyDay.app */,
			);
			name = Products;
			sourceTree = "<group>";
		};
		74A320FB2AEBC8A2002E38E3 /* MyDay */ = {
			isa = PBXGroup;
			children = (
				74A321242AEBC900002E38E3 /* Info.plist */,
				74A4D8112AECCD2100EA45B8 /* video70YearsNTOU.mp4 */,
				74A321202AEBC8E4002E38E3 /* backgroundMusic.mp3 */,
				74A321222AEBC8EB002E38E3 /* Font */,
				74A320FC2AEBC8A2002E38E3 /* MyDayApp.swift */,
				74A3210F2AEBC8C2002E38E3 /* CourseDetail.swift */,
				74A321142AEBC8C2002E38E3 /* CoverPage.swift */,
				7429A5FB2AEBDE3E009AA795 /* VideoView.swift */,
				74A3210A2AEBC8C1002E38E3 /* HomePageView.swift */,
				74A321102AEBC8C2002E38E3 /* MultipleTabView.swift */,
				74A321132AEBC8C2002E38E3 /* ProfileData.swift */,
				74A321122AEBC8C2002E38E3 /* ProfileView.swift */,
				74A3210B2AEBC8C1002E38E3 /* Tasks.swift */,
				74A3210E2AEBC8C2002E38E3 /* ToDoDetailView.swift */,
				74A3210C2AEBC8C2002E38E3 /* ToDoList.swift */,
				74A321112AEBC8C2002E38E3 /* ToDoRow.swift */,
				74A321002AEBC8A2002E38E3 /* Assets.xcassets */,
				74A321022AEBC8A2002E38E3 /* Preview Content */,
			);
			path = MyDay;
			sourceTree = "<group>";
		};
		74A321022AEBC8A2002E38E3 /* Preview Content */ = {
			isa = PBXGroup;
			children = (
				74A321032AEBC8A2002E38E3 /* Preview Assets.xcassets */,
			);
			path = "Preview Content";
			sourceTree = "<group>";
		};
/* End PBXGroup section */

/* Begin PBXNativeTarget section */
		74A320F82AEBC8A2002E38E3 /* MyDay */ = {
			isa = PBXNativeTarget;
			buildConfigurationList = 74A321072AEBC8A2002E38E3 /* Build configuration list for PBXNativeTarget "MyDay" */;
			buildPhases = (
				74A320F52AEBC8A2002E38E3 /* Sources */,
				74A320F62AEBC8A2002E38E3 /* Frameworks */,
				74A320F72AEBC8A2002E38E3 /* Resources */,
			);
			buildRules = (
			);
			dependencies = (
			);
			name = MyDay;
			productName = MyDay;
			productReference = 74A320F92AEBC8A2002E38E3 /* MyDay.app */;
			productType = "com.apple.product-type.application";
		};
/* End PBXNativeTarget section */

/* Begin PBXProject section */
		74A320F12AEBC8A2002E38E3 /* Project object */ = {
			isa = PBXProject;
			attributes = {
				BuildIndependentTargetsInParallel = 1;
				LastSwiftUpdateCheck = 1500;
				LastUpgradeCheck = 1500;
				TargetAttributes = {
					74A320F82AEBC8A2002E38E3 = {
						CreatedOnToolsVersion = 15.0;
					};
				};
			};
			buildConfigurationList = 74A320F42AEBC8A2002E38E3 /* Build configuration list for PBXProject "MyDay" */;
			compatibilityVersion = "Xcode 14.0";
			developmentRegion = en;
			hasScannedForEncodings = 0;
			knownRegions = (
				en,
				Base,
			);
			mainGroup = 74A320F02AEBC8A2002E38E3;
			productRefGroup = 74A320FA2AEBC8A2002E38E3 /* Products */;
			projectDirPath = "";
			projectRoot = "";
			targets = (
				74A320F82AEBC8A2002E38E3 /* MyDay */,
			);
		};
/* End PBXProject section */

/* Begin PBXResourcesBuildPhase section */
		74A320F72AEBC8A2002E38E3 /* Resources */ = {
			isa = PBXResourcesBuildPhase;
			buildActionMask = 2147483647;
			files = (
				74A321042AEBC8A2002E38E3 /* Preview Assets.xcassets in Resources */,
				74A4D8122AECCD2100EA45B8 /* video70YearsNTOU.mp4 in Resources */,
				74A321012AEBC8A2002E38E3 /* Assets.xcassets in Resources */,
				74A321212AEBC8E4002E38E3 /* backgroundMusic.mp3 in Resources */,
				74A321232AEBC8EB002E38E3 /* Font in Resources */,
			);
			runOnlyForDeploymentPostprocessing = 0;
		};
/* End PBXResourcesBuildPhase section */

/* Begin PBXSourcesBuildPhase section */
		74A320F52AEBC8A2002E38E3 /* Sources */ = {
			isa = PBXSourcesBuildPhase;
			buildActionMask = 2147483647;
			files = (
				74A321192AEBC8C2002E38E3 /* ToDoDetailView.swift in Sources */,
				74A3211A2AEBC8C2002E38E3 /* CourseDetail.swift in Sources */,
				74A3211C2AEBC8C2002E38E3 /* ToDoRow.swift in Sources */,
				74A321162AEBC8C2002E38E3 /* Tasks.swift in Sources */,
				74A3211B2AEBC8C2002E38E3 /* MultipleTabView.swift in Sources */,
				74A321172AEBC8C2002E38E3 /* ToDoList.swift in Sources */,
				74A321152AEBC8C2002E38E3 /* HomePageView.swift in Sources */,
				74A3211D2AEBC8C2002E38E3 /* ProfileView.swift in Sources */,
				74A3211F2AEBC8C2002E38E3 /* CoverPage.swift in Sources */,
				74A320FD2AEBC8A2002E38E3 /* MyDayApp.swift in Sources */,
				74A3211E2AEBC8C2002E38E3 /* ProfileData.swift in Sources */,
				7429A5FC2AEBDE3E009AA795 /* VideoView.swift in Sources */,
			);
			runOnlyForDeploymentPostprocessing = 0;
		};
/* End PBXSourcesBuildPhase section */

/* Begin XCBuildConfiguration section */
		74A321052AEBC8A2002E38E3 /* Debug */ = {
			isa = XCBuildConfiguration;
			buildSettings = {
				ALWAYS_SEARCH_USER_PATHS = NO;
				ASSETCATALOG_COMPILER_GENERATE_SWIFT_ASSET_SYMBOL_EXTENSIONS = YES;
				CLANG_ANALYZER_NONNULL = YES;
				CLANG_ANALYZER_NUMBER_OBJECT_CONVERSION = YES_AGGRESSIVE;
				CLANG_CXX_LANGUAGE_STANDARD = "gnu++20";
				CLANG_ENABLE_MODULES = YES;
				CLANG_ENABLE_OBJC_ARC = YES;
				CLANG_ENABLE_OBJC_WEAK = YES;
				CLANG_WARN_BLOCK_CAPTURE_AUTORELEASING = YES;
				CLANG_WARN_BOOL_CONVERSION = YES;
				CLANG_WARN_COMMA = YES;
				CLANG_WARN_CONSTANT_CONVERSION = YES;
				CLANG_WARN_DEPRECATED_OBJC_IMPLEMENTATIONS = YES;
				CLANG_WARN_DIRECT_OBJC_ISA_USAGE = YES_ERROR;
				CLANG_WARN_DOCUMENTATION_COMMENTS = YES;
				CLANG_WARN_EMPTY_BODY = YES;
				CLANG_WARN_ENUM_CONVERSION = YES;
				CLANG_WARN_INFINITE_RECURSION = YES;
				CLANG_WARN_INT_CONVERSION = YES;
				CLANG_WARN_NON_LITERAL_NULL_CONVERSION = YES;
				CLANG_WARN_OBJC_IMPLICIT_RETAIN_SELF = YES;
				CLANG_WARN_OBJC_LITERAL_CONVERSION = YES;
				CLANG_WARN_OBJC_ROOT_CLASS = YES_ERROR;
				CLANG_WARN_QUOTED_INCLUDE_IN_FRAMEWORK_HEADER = YES;
				CLANG_WARN_RANGE_LOOP_ANALYSIS = YES;
				CLANG_WARN_STRICT_PROTOTYPES = YES;
				CLANG_WARN_SUSPICIOUS_MOVE = YES;
				CLANG_WARN_UNGUARDED_AVAILABILITY = YES_AGGRESSIVE;
				CLANG_WARN_UNREACHABLE_CODE = YES;
				CLANG_WARN__DUPLICATE_METHOD_MATCH = YES;
				COPY_PHASE_STRIP = NO;
				DEBUG_INFORMATION_FORMAT = dwarf;
				ENABLE_STRICT_OBJC_MSGSEND = YES;
				ENABLE_TESTABILITY = YES;
				ENABLE_USER_SCRIPT_SANDBOXING = YES;
				GCC_C_LANGUAGE_STANDARD = gnu17;
				GCC_DYNAMIC_NO_PIC = NO;
				GCC_NO_COMMON_BLOCKS = YES;
				GCC_OPTIMIZATION_LEVEL = 0;
				GCC_PREPROCESSOR_DEFINITIONS = (
					"DEBUG=1",
					"$(inherited)",
				);
				GCC_WARN_64_TO_32_BIT_CONVERSION = YES;
				GCC_WARN_ABOUT_RETURN_TYPE = YES_ERROR;
				GCC_WARN_UNDECLARED_SELECTOR = YES;
				GCC_WARN_UNINITIALIZED_AUTOS = YES_AGGRESSIVE;
				GCC_WARN_UNUSED_FUNCTION = YES;
				GCC_WARN_UNUSED_VARIABLE = YES;
				IPHONEOS_DEPLOYMENT_TARGET = 17.0;
				LOCALIZATION_PREFERS_STRING_CATALOGS = YES;
				MTL_ENABLE_DEBUG_INFO = INCLUDE_SOURCE;
				MTL_FAST_MATH = YES;
				ONLY_ACTIVE_ARCH = YES;
				SDKROOT = iphoneos;
				SWIFT_ACTIVE_COMPILATION_CONDITIONS = "DEBUG $(inherited)";
				SWIFT_OPTIMIZATION_LEVEL = "-Onone";
			};
			name = Debug;
		};
		74A321062AEBC8A2002E38E3 /* Release */ = {
			isa = XCBuildConfiguration;
			buildSettings = {
				ALWAYS_SEARCH_USER_PATHS = NO;
				ASSETCATALOG_COMPILER_GENERATE_SWIFT_ASSET_SYMBOL_EXTENSIONS = YES;
				CLANG_ANALYZER_NONNULL = YES;
				CLANG_ANALYZER_NUMBER_OBJECT_CONVERSION = YES_AGGRESSIVE;
				CLANG_CXX_LANGUAGE_STANDARD = "gnu++20";
				CLANG_ENABLE_MODULES = YES;
				CLANG_ENABLE_OBJC_ARC = YES;
				CLANG_ENABLE_OBJC_WEAK = YES;
				CLANG_WARN_BLOCK_CAPTURE_AUTORELEASING = YES;
				CLANG_WARN_BOOL_CONVERSION = YES;
				CLANG_WARN_COMMA = YES;
				CLANG_WARN_CONSTANT_CONVERSION = YES;
				CLANG_WARN_DEPRECATED_OBJC_IMPLEMENTATIONS = YES;
				CLANG_WARN_DIRECT_OBJC_ISA_USAGE = YES_ERROR;
				CLANG_WARN_DOCUMENTATION_COMMENTS = YES;
				CLANG_WARN_EMPTY_BODY = YES;
				CLANG_WARN_ENUM_CONVERSION = YES;
				CLANG_WARN_INFINITE_RECURSION = YES;
				CLANG_WARN_INT_CONVERSION = YES;
				CLANG_WARN_NON_LITERAL_NULL_CONVERSION = YES;
				CLANG_WARN_OBJC_IMPLICIT_RETAIN_SELF = YES;
				CLANG_WARN_OBJC_LITERAL_CONVERSION = YES;
				CLANG_WARN_OBJC_ROOT_CLASS = YES_ERROR;
				CLANG_WARN_QUOTED_INCLUDE_IN_FRAMEWORK_HEADER = YES;
				CLANG_WARN_RANGE_LOOP_ANALYSIS = YES;
				CLANG_WARN_STRICT_PROTOTYPES = YES;
				CLANG_WARN_SUSPICIOUS_MOVE = YES;
				CLANG_WARN_UNGUARDED_AVAILABILITY = YES_AGGRESSIVE;
				CLANG_WARN_UNREACHABLE_CODE = YES;
				CLANG_WARN__DUPLICATE_METHOD_MATCH = YES;
				COPY_PHASE_STRIP = NO;
				DEBUG_INFORMATION_FORMAT = "dwarf-with-dsym";
				ENABLE_NS_ASSERTIONS = NO;
				ENABLE_STRICT_OBJC_MSGSEND = YES;
				ENABLE_USER_SCRIPT_SANDBOXING = YES;
				GCC_C_LANGUAGE_STANDARD = gnu17;
				GCC_NO_COMMON_BLOCKS = YES;
				GCC_WARN_64_TO_32_BIT_CONVERSION = YES;
				GCC_WARN_ABOUT_RETURN_TYPE = YES_ERROR;
				GCC_WARN_UNDECLARED_SELECTOR = YES;
				GCC_WARN_UNINITIALIZED_AUTOS = YES_AGGRESSIVE;
				GCC_WARN_UNUSED_FUNCTION = YES;
				GCC_WARN_UNUSED_VARIABLE = YES;
				IPHONEOS_DEPLOYMENT_TARGET = 17.0;
				LOCALIZATION_PREFERS_STRING_CATALOGS = YES;
				MTL_ENABLE_DEBUG_INFO = NO;
				MTL_FAST_MATH = YES;
				SDKROOT = iphoneos;
				SWIFT_COMPILATION_MODE = wholemodule;
				VALIDATE_PRODUCT = YES;
			};
			name = Release;
		};
		74A321082AEBC8A2002E38E3 /* Debug */ = {
			isa = XCBuildConfiguration;
			buildSettings = {
				ASSETCATALOG_COMPILER_APPICON_NAME = AppIcon;
				ASSETCATALOG_COMPILER_GLOBAL_ACCENT_COLOR_NAME = AccentColor;
				CODE_SIGN_STYLE = Automatic;
				CURRENT_PROJECT_VERSION = 1;
				DEVELOPMENT_ASSET_PATHS = "\"MyDay/Preview Content\"";
				DEVELOPMENT_TEAM = 37P74VB8F3;
				ENABLE_PREVIEWS = YES;
				GENERATE_INFOPLIST_FILE = YES;
				INFOPLIST_FILE = MyDay/Info.plist;
				INFOPLIST_KEY_UIApplicationSceneManifest_Generation = YES;
				INFOPLIST_KEY_UIApplicationSupportsIndirectInputEvents = YES;
				INFOPLIST_KEY_UISupportedInterfaceOrientations_iPad = "UIInterfaceOrientationPortrait UIInterfaceOrientationPortraitUpsideDown UIInterfaceOrientationLandscapeLeft UIInterfaceOrientationLandscapeRight";
				INFOPLIST_KEY_UISupportedInterfaceOrientations_iPhone = "UIInterfaceOrientationPortrait UIInterfaceOrientationLandscapeLeft UIInterfaceOrientationLandscapeRight";
				LD_RUNPATH_SEARCH_PATHS = (
					"$(inherited)",
					"@executable_path/Frameworks",
				);
				MARKETING_VERSION = 1.0;
				PRODUCT_BUNDLE_IDENTIFIER = com.ba.MyDay;
				PRODUCT_NAME = "$(TARGET_NAME)";
				SWIFT_EMIT_LOC_STRINGS = YES;
				SWIFT_VERSION = 5.0;
				TARGETED_DEVICE_FAMILY = "1,2";
			};
			name = Debug;
		};
		74A321092AEBC8A2002E38E3 /* Release */ = {
			isa = XCBuildConfiguration;
			buildSettings = {
				ASSETCATALOG_COMPILER_APPICON_NAME = AppIcon;
				ASSETCATALOG_COMPILER_GLOBAL_ACCENT_COLOR_NAME = AccentColor;
				CODE_SIGN_STYLE = Automatic;
				CURRENT_PROJECT_VERSION = 1;
				DEVELOPMENT_ASSET_PATHS = "\"MyDay/Preview Content\"";
				DEVELOPMENT_TEAM = 37P74VB8F3;
				ENABLE_PREVIEWS = YES;
				GENERATE_INFOPLIST_FILE = YES;
				INFOPLIST_FILE = MyDay/Info.plist;
				INFOPLIST_KEY_UIApplicationSceneManifest_Generation = YES;
				INFOPLIST_KEY_UIApplicationSupportsIndirectInputEvents = YES;
				INFOPLIST_KEY_UISupportedInterfaceOrientations_iPad = "UIInterfaceOrientationPortrait UIInterfaceOrientationPortraitUpsideDown UIInterfaceOrientationLandscapeLeft UIInterfaceOrientationLandscapeRight";
				INFOPLIST_KEY_UISupportedInterfaceOrientations_iPhone = "UIInterfaceOrientationPortrait UIInterfaceOrientationLandscapeLeft UIInterfaceOrientationLandscapeRight";
				LD_RUNPATH_SEARCH_PATHS = (
					"$(inherited)",
					"@executable_path/Frameworks",
				);
				MARKETING_VERSION = 1.0;
				PRODUCT_BUNDLE_IDENTIFIER = com.ba.MyDay;
				PRODUCT_NAME = "$(TARGET_NAME)";
				SWIFT_EMIT_LOC_STRINGS = YES;
				SWIFT_VERSION = 5.0;
				TARGETED_DEVICE_FAMILY = "1,2";
			};
			name = Release;
		};
/* End XCBuildConfiguration section */

/* Begin XCConfigurationList section */
		74A320F42AEBC8A2002E38E3 /* Build configuration list for PBXProject "MyDay" */ = {
			isa = XCConfigurationList;
			buildConfigurations = (
				74A321052AEBC8A2002E38E3 /* Debug */,
				74A321062AEBC8A2002E38E3 /* Release */,
			);
			defaultConfigurationIsVisible = 0;
			defaultConfigurationName = Release;
		};
		74A321072AEBC8A2002E38E3 /* Build configuration list for PBXNativeTarget "MyDay" */ = {
			isa = XCConfigurationList;
			buildConfigurations = (
				74A321082AEBC8A2002E38E3 /* Debug */,
				74A321092AEBC8A2002E38E3 /* Release */,
			);
			defaultConfigurationIsVisible = 0;
			defaultConfigurationName = Release;
		};
/* End XCConfigurationList section */
	};
	rootObject = 74A320F12AEBC8A2002E38E3 /* Project object */;
}
